{
  "name": "backdop",
  "version": "0.5.2",
  "lockfileVersion": 1,
  "requires": true,
  "dependencies": {
    "@babylonjs/core": {
      "version": "5.0.0-alpha.60",
      "resolved": "https://registry.npmjs.org/@babylonjs/core/-/core-5.0.0-alpha.60.tgz",
      "integrity": "sha512-2DM4BFWcRTdgdVZqUzc8IUf9EdcfZN+aeYvWU4bzmutX6l8wowjjlQnqwCFfv+GHouV6XkM3QqoQV2rqc9T1Kw==",
      "dev": true,
      "requires": {
        "tslib": "^2.3.1"
      }
    },
    "@babylonjs/gui": {
      "version": "5.0.0-alpha.12",
      "resolved": "https://registry.npmjs.org/@babylonjs/gui/-/gui-5.0.0-alpha.12.tgz",
      "integrity": "sha512-Wm87v6wS+sbaxCiYQ7rMQGcRaEorLSBWidRNr0t+C7r8CZGD6QCbgApjn6RlK5lihmAMJYzbvfr0cda3ZMP0Ug==",
      "dev": true,
      "requires": {
        "@babylonjs/core": "5.0.0-alpha.12",
        "tslib": "^2.1.0"
      },
      "dependencies": {
        "@babylonjs/core": {
          "version": "5.0.0-alpha.12",
          "resolved": "https://registry.npmjs.org/@babylonjs/core/-/core-5.0.0-alpha.12.tgz",
          "integrity": "sha512-yRKUuBu9cyEQk8KFnn3NuBzU9qnIQW66V+9NJyELcfxrMWeGHB/bxtczBb0JAuBwZ7VAShS3eEajNz7hDB67WA==",
          "dev": true,
          "requires": {
            "tslib": "^2.1.0"
          }
        }
      }
    },
    "@babylonjs/inspector": {
      "version": "5.0.0-alpha.60",
      "resolved": "https://registry.npmjs.org/@babylonjs/inspector/-/inspector-5.0.0-alpha.60.tgz",
      "integrity": "sha512-Z0DRSuHz5LAFNWgLV1BTVNHP7DMZtc1SIxvJjoEY6xkoHXjTEEB3I3gV+1EyOsxEnWpAILvIGtvMAopnDP7jGQ==",
      "dev": true,
      "requires": {
        "@babylonjs/core": "5.0.0-alpha.60",
        "@babylonjs/gui": "5.0.0-alpha.60",
        "@babylonjs/loaders": "5.0.0-alpha.60",
        "@babylonjs/materials": "5.0.0-alpha.60",
        "@babylonjs/serializers": "5.0.0-alpha.60",
        "babylonjs-gltf2interface": "5.0.0-alpha.60",
        "tslib": "^2.3.1"
      },
      "dependencies": {
        "@babylonjs/gui": {
          "version": "5.0.0-alpha.60",
          "resolved": "https://registry.npmjs.org/@babylonjs/gui/-/gui-5.0.0-alpha.60.tgz",
          "integrity": "sha512-bMQsu8jDfmDYfigv4/VRuW49MaEyHDWM6HOvj9UYVq7NuAPGFgLUzLC7pQXMe1bsWVSCd8e9PWmdt+jX0sBxxg==",
          "dev": true,
          "requires": {
            "@babylonjs/core": "5.0.0-alpha.60",
            "tslib": "^2.3.1"
          }
        }
      }
    },
    "@babylonjs/loaders": {
      "version": "5.0.0-alpha.60",
      "resolved": "https://registry.npmjs.org/@babylonjs/loaders/-/loaders-5.0.0-alpha.60.tgz",
      "integrity": "sha512-uJ+ORjGTIPxrvFWms2blDYNI49xgkg73CebPNztfxXWidPktQ+e9TkpuaFKxBIuk1nLPbxWa3I862tP/1rPimA==",
      "dev": true,
      "requires": {
        "@babylonjs/core": "5.0.0-alpha.60",
        "babylonjs-gltf2interface": "5.0.0-alpha.60",
        "tslib": "^2.3.1"
      }
    },
    "@babylonjs/materials": {
      "version": "5.0.0-alpha.60",
      "resolved": "https://registry.npmjs.org/@babylonjs/materials/-/materials-5.0.0-alpha.60.tgz",
      "integrity": "sha512-fbMK0j+eWbp+mFxUHqpebMlEzdigUNbydwEYuokPN+jmFfGKC/GrNYmOD0ShZm2V3eRIdwVxhJsPhSVQkH56pA==",
      "dev": true,
      "requires": {
        "@babylonjs/core": "5.0.0-alpha.60",
        "tslib": "^2.3.1"
      }
    },
    "@babylonjs/serializers": {
      "version": "5.0.0-alpha.60",
      "resolved": "https://registry.npmjs.org/@babylonjs/serializers/-/serializers-5.0.0-alpha.60.tgz",
      "integrity": "sha512-me04riRT9pFVwAQ6zp7e5JAUX7Q0FLmwPZf8VYMECMymQZuazqTYqXpeRyTUnSyoP4wIvAcKkcib73C8tTGevQ==",
      "dev": true,
      "requires": {
        "@babylonjs/core": "5.0.0-alpha.60",
        "babylonjs-gltf2interface": "5.0.0-alpha.60",
        "tslib": "^2.3.1"
      }
    },
    "@react-spring/animated": {
      "version": "9.3.0",
      "resolved": "https://registry.npmjs.org/@react-spring/animated/-/animated-9.3.0.tgz",
      "integrity": "sha512-QvuyW77eDvLhdJyO6FFldlWlvnuKK2cpOx4+Zr962RyT/0IO1tbNDRO6G1vM8va6mbv6tmfYmRGKmKYePN3kVg==",
      "dev": true,
      "requires": {
        "@react-spring/shared": "~9.3.0",
        "@react-spring/types": "~9.3.0"
      }
    },
    "@react-spring/core": {
      "version": "9.3.0",
      "resolved": "https://registry.npmjs.org/@react-spring/core/-/core-9.3.0.tgz",
      "integrity": "sha512-SZQOIX7wkIagmucAi7zxqGGIb9A60o9n5922UrWo8Kl3FdG7FgrNwqr0kOI43/pMFeL70/PXwFhBatB03N5ctw==",
      "dev": true,
      "requires": {
        "@react-spring/animated": "~9.3.0",
        "@react-spring/shared": "~9.3.0",
        "@react-spring/types": "~9.3.0"
      }
    },
    "@react-spring/konva": {
      "version": "9.3.0",
      "resolved": "https://registry.npmjs.org/@react-spring/konva/-/konva-9.3.0.tgz",
      "integrity": "sha512-lyUWxzEateE6Qxpc81oxJb5yiNDdj36Q9R9euJAgjl2dvUDaX85rVGqaB25+72yA1iQg5I4Kymj3UZVvPthRlA==",
      "dev": true,
      "requires": {
        "@react-spring/animated": "~9.3.0",
        "@react-spring/core": "~9.3.0",
        "@react-spring/shared": "~9.3.0",
        "@react-spring/types": "~9.3.0"
      }
    },
    "@react-spring/native": {
      "version": "9.3.0",
      "resolved": "https://registry.npmjs.org/@react-spring/native/-/native-9.3.0.tgz",
      "integrity": "sha512-lvKV5qxqnE5AMtTHv8xwAocGED4+VRxpljwBl1lbtileq3WnvOn7CpMLZNGc5TXjLWAE3zfoNJui69/jE/3uSw==",
      "dev": true,
      "requires": {
        "@react-spring/animated": "~9.3.0",
        "@react-spring/core": "~9.3.0",
        "@react-spring/shared": "~9.3.0",
        "@react-spring/types": "~9.3.0"
      }
    },
    "@react-spring/rafz": {
      "version": "9.3.0",
      "resolved": "https://registry.npmjs.org/@react-spring/rafz/-/rafz-9.3.0.tgz",
      "integrity": "sha512-FD04d2TNb3xOZ6+04qwDmC3d0H4X6gvhsxU71/nSm4PPYRqFzZEolcVPmrHlbGzco3bvXKI+Kp2pIrpXLPUJFA==",
      "dev": true
    },
    "@react-spring/shared": {
      "version": "9.3.0",
      "resolved": "https://registry.npmjs.org/@react-spring/shared/-/shared-9.3.0.tgz",
      "integrity": "sha512-7ZFY2Blu/wxbLGcYvQavyLUVi9bK/is1bsn11qZ9AaZb4iucRyIf2jgjBfKZFCq4qgi7S/7QmDQG7sucUyLELg==",
      "dev": true,
      "requires": {
        "@react-spring/rafz": "~9.3.0",
        "@react-spring/types": "~9.3.0"
      }
    },
    "@react-spring/three": {
      "version": "9.3.0",
      "resolved": "https://registry.npmjs.org/@react-spring/three/-/three-9.3.0.tgz",
      "integrity": "sha512-RKMXXdcNK0nbwLbmle/0KT/idGGpOxvI5lT1KtN8R3cgJWQBKYWVtzg+B/RgmQVNxO/QNlsKGWTjURockTRSVQ==",
      "dev": true,
      "requires": {
        "@react-spring/animated": "~9.3.0",
        "@react-spring/core": "~9.3.0",
        "@react-spring/shared": "~9.3.0",
        "@react-spring/types": "~9.3.0"
      }
    },
    "@react-spring/types": {
      "version": "9.3.0",
      "resolved": "https://registry.npmjs.org/@react-spring/types/-/types-9.3.0.tgz",
      "integrity": "sha512-q4cDr2RSPblXMD3Rxvk6qcC7nmhhfV2izEBP06hb8ZCXznA6qJirG3RMpi29kBtEQiw1lWR59hAXKhauaPtbOA==",
      "dev": true
    },
    "@react-spring/web": {
      "version": "9.3.0",
      "resolved": "https://registry.npmjs.org/@react-spring/web/-/web-9.3.0.tgz",
      "integrity": "sha512-OTAGKRdyz6fLRR1tABFyw9KMpytyATIndQrj0O6RG47GfjiInpf4+WZKxo763vpS7z1OlnkI81WLUm/sqOqAnA==",
      "dev": true,
      "requires": {
        "@react-spring/animated": "~9.3.0",
        "@react-spring/core": "~9.3.0",
        "@react-spring/shared": "~9.3.0",
        "@react-spring/types": "~9.3.0"
      }
    },
    "@react-spring/zdog": {
      "version": "9.3.0",
      "resolved": "https://registry.npmjs.org/@react-spring/zdog/-/zdog-9.3.0.tgz",
      "integrity": "sha512-JOQwtg/MQ6sWwmKNY4w/R1TVXohIUkrbSgDfgUEK45ERTDwZGZzIo9QbqHv4dwEBK4Wa2Hfrcdf8cnEaNNzdAQ==",
      "dev": true,
      "requires": {
        "@react-spring/animated": "~9.3.0",
        "@react-spring/core": "~9.3.0",
        "@react-spring/shared": "~9.3.0",
        "@react-spring/types": "~9.3.0"
      }
    },
    "@types/prop-types": {
      "version": "15.7.4",
      "resolved": "https://registry.npmjs.org/@types/prop-types/-/prop-types-15.7.4.tgz",
      "integrity": "sha512-rZ5drC/jWjrArrS8BR6SIr4cWpW09RNTYt9AMZo3Jwwif+iacXAqgVjm0B0Bv/S1jhDXKHqRVNCbACkJ89RAnQ==",
      "dev": true
    },
    "@types/react": {
      "version": "17.0.29",
      "resolved": "https://registry.npmjs.org/@types/react/-/react-17.0.29.tgz",
      "integrity": "sha512-HSenIfBEBZ70BLrrVhtEtHpqaP79waauPtA8XKlczTxL3hXrW/ElGNLTpD1TmqkykgGlOAK55+D3SmUHEirpFw==",
      "dev": true,
      "requires": {
        "@types/prop-types": "*",
        "@types/scheduler": "*",
        "csstype": "^3.0.2"
      }
    },
    "@types/scheduler": {
      "version": "0.16.2",
      "resolved": "https://registry.npmjs.org/@types/scheduler/-/scheduler-0.16.2.tgz",
      "integrity": "sha512-hppQEBDmlwhFAXKJX2KnWLYu5yMfi91yazPb2l+lbJiwW+wdo1gNeRA+3RgNSO39WYX2euey41KEwnqesU2Jew==",
      "dev": true
    },
    "babylonjs-gltf2interface": {
      "version": "5.0.0-alpha.60",
      "resolved": "https://registry.npmjs.org/babylonjs-gltf2interface/-/babylonjs-gltf2interface-5.0.0-alpha.60.tgz",
      "integrity": "sha512-J1+dZarDEi+Gd+k8atJd69HbYZsAfLpmEm28w+SBhFmO6T5h7tCwEjFqDjGomzNXGGtpXACuJzAm23uavsXPgw==",
      "dev": true
    },
    "char-regex": {
      "version": "1.0.2",
      "resolved": "https://registry.npmjs.org/char-regex/-/char-regex-1.0.2.tgz",
      "integrity": "sha512-kWWXztvZ5SBQV+eRgKFeh8q5sLuZY2+8WUIzlxWVTg+oGwY14qylx1KbKzHd8P6ZYkAg0xyIDU9JMHhyJMZ1jw==",
      "dev": true
    },
    "concep": {
      "version": "git+https://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@github.com/HugoMcPhee/concep.git#e61aee2d72b3d50bb84c97ae045fbc2139b735f9",
      "from": "git+https://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@github.com/HugoMcPhee/concep.git#v0.6.0",
      "dev": true
    },
    "concep-movers": {
      "version": "git+https://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@github.com/HugoMcPhee/concep-movers.git#8ca4d008e7fd8dd053b33cc7e717e7fe3ca4e33e",
      "from": "git+https://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@github.com/HugoMcPhee/concep-movers.git#v0.5.4",
      "dev": true
    },
    "csstype": {
      "version": "3.0.9",
      "resolved": "https://registry.npmjs.org/csstype/-/csstype-3.0.9.tgz",
      "integrity": "sha512-rpw6JPxK6Rfg1zLOYCSwle2GFOOsnjmDYDaBwEcwoOg4qlsIVCN789VkBZDJAGi4T07gI4YSutR43t9Zz4Lzuw==",
      "dev": true
    },
    "delay": {
      "version": "5.0.0",
      "resolved": "https://registry.npmjs.org/delay/-/delay-5.0.0.tgz",
      "integrity": "sha512-ReEBKkIfe4ya47wlPYf/gu5ib6yUG0/Aez0JQZQz94kiWtRQvZIQbTiehsnwHvLSWJnQdhVeqYue7Id1dKr0qw==",
      "dev": true
    },
    "fast-deep-equal": {
      "version": "2.0.1",
      "resolved": "https://registry.npmjs.org/fast-deep-equal/-/fast-deep-equal-2.0.1.tgz",
      "integrity": "sha1-ewUhjd+WZ79/Nwv3/bLLFf3Qqkk=",
      "dev": true
    },
    "js-tokens": {
      "version": "4.0.0",
      "resolved": "https://registry.npmjs.org/js-tokens/-/js-tokens-4.0.0.tgz",
      "integrity": "sha512-RdJUflcE3cUzKiMqQgsCu06FPu9UdIJO0beYbPhHN4k6apgJtifcoCtT9bcxOpYBtpD2kCM6Sbzg4CausW/PKQ==",
      "dev": true
    },
    "loose-envify": {
      "version": "1.4.0",
      "resolved": "https://registry.npmjs.org/loose-envify/-/loose-envify-1.4.0.tgz",
      "integrity": "sha512-lyuxPGr/Wfhrlem2CL/UcnUc1zcqKAImBDzukY7Y5F/yQiNdko6+fRLevlw1HgMySw7f611UIY408EtxRSoK3Q==",
      "dev": true,
      "requires": {
        "js-tokens": "^3.0.0 || ^4.0.0"
      }
    },
    "object-assign": {
      "version": "4.1.1",
      "resolved": "https://registry.npmjs.org/object-assign/-/object-assign-4.1.1.tgz",
      "integrity": "sha1-IQmtx5ZYh8/AXLvUQsrIv7s2CGM=",
      "dev": true
    },
    "react": {
      "version": "17.0.2",
      "resolved": "https://registry.npmjs.org/react/-/react-17.0.2.tgz",
      "integrity": "sha512-gnhPt75i/dq/z3/6q/0asP78D0u592D5L1pd7M8P+dck6Fu/jJeL6iVVK23fptSUZj8Vjf++7wXA8UNclGQcbA==",
      "dev": true,
      "requires": {
        "loose-envify": "^1.1.0",
        "object-assign": "^4.1.1"
      }
    },
    "react-babylonjs": {
      "version": "3.0.25",
      "resolved": "https://registry.npmjs.org/react-babylonjs/-/react-babylonjs-3.0.25.tgz",
      "integrity": "sha512-DIfDK4XiXVlvaWIGJ5AQYBKMbkQA6sgNbqvDSIYNHct9xsAYmShyFx8ZsducAohm7plyxG5kba0ayFs2VAm60w==",
      "dev": true,
      "requires": {
        "react-reconciler": "^0.26.1"
      }
    },
    "react-promise-suspense": {
      "version": "0.3.3",
      "resolved": "https://registry.npmjs.org/react-promise-suspense/-/react-promise-suspense-0.3.3.tgz",
      "integrity": "sha512-OdehKsCEWYoV6pMcwxbvJH99UrbXylmXJ1QpEL9OfHaUBzcAihyfSJV8jFq325M/wW9iKc/BoiLROXxMul+MxA==",
      "dev": true,
      "requires": {
        "fast-deep-equal": "^2.0.1"
      }
    },
    "react-reconciler": {
      "version": "0.26.2",
      "resolved": "https://registry.npmjs.org/react-reconciler/-/react-reconciler-0.26.2.tgz",
      "integrity": "sha512-nK6kgY28HwrMNwDnMui3dvm3rCFjZrcGiuwLc5COUipBK5hWHLOxMJhSnSomirqWwjPBJKV1QcbkI0VJr7Gl1Q==",
      "dev": true,
      "requires": {
        "loose-envify": "^1.1.0",
        "object-assign": "^4.1.1",
        "scheduler": "^0.20.2"
      }
    },
    "react-spring": {
      "version": "9.3.0",
      "resolved": "https://registry.npmjs.org/react-spring/-/react-spring-9.3.0.tgz",
      "integrity": "sha512-zxhMUCM4ha22724q1CshmbzKUfqdUp2HyA4P72+A0xVF/9bgaFuMukI8C8/Rjfdqw6sGg3hZNvmY9Z8n4cqWmg==",
      "dev": true,
      "requires": {
        "@react-spring/core": "~9.3.0",
        "@react-spring/konva": "~9.3.0",
        "@react-spring/native": "~9.3.0",
        "@react-spring/three": "~9.3.0",
        "@react-spring/web": "~9.3.0",
        "@react-spring/zdog": "~9.3.0"
      }
    },
    "scheduler": {
      "version": "0.20.2",
      "resolved": "https://registry.npmjs.org/scheduler/-/scheduler-0.20.2.tgz",
      "integrity": "sha512-2eWfGgAqqWFGqtdMmcL5zCMK1U8KlXv8SQFGglL3CEtd0aDVDWgeF/YoCmvln55m5zSk3J/20hTaSBeSObsQDQ==",
      "dev": true,
      "requires": {
        "loose-envify": "^1.1.0",
        "object-assign": "^4.1.1"
      }
    },
    "shutils": {
      "version": "git+https://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@github.com/HugoMcPhee/shutils.git#cd660841f25c21579cccbc6a03c8a74c2536f3ae",
      "from": "git+https://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@github.com/HugoMcPhee/shutils.git#v0.3.2",
      "dev": true
    },
    "stringz": {
      "version": "2.1.0",
      "resolved": "https://registry.npmjs.org/stringz/-/stringz-2.1.0.tgz",
      "integrity": "sha512-KlywLT+MZ+v0IRepfMxRtnSvDCMc3nR1qqCs3m/qIbSOWkNZYT8XHQA31rS3TnKp0c5xjZu3M4GY/2aRKSi/6A==",
      "dev": true,
      "requires": {
        "char-regex": "^1.0.2"
      }
    },
    "tslib": {
      "version": "2.3.1",
      "resolved": "https://registry.npmjs.org/tslib/-/tslib-2.3.1.tgz",
      "integrity": "sha512-77EbyPPpMz+FRFRuAFlWMtmgUWGe9UOG2Z25NqCwiIjRhOf5iKGuzSe5P2w1laq+FkRy4p+PCuVkJSGkzTEKVw==",
      "dev": true
    },
    "typescript": {
      "version": "4.4.3",
      "resolved": "https://registry.npmjs.org/typescript/-/typescript-4.4.3.tgz",
      "integrity": "sha512-4xfscpisVgqqDfPaJo5vkd+Qd/ItkoagnHpufr+i2QCHBsNYp+G7UAoyFl8aPtx879u38wPV65rZ8qbGZijalA==",
      "dev": true
    }
  }
}
