# THIS IS AN AUTOGENERATED FILE. DO NOT EDIT THIS FILE DIRECTLY.
# yarn lockfile v1


"@babylonjs/core@6.31.0":
  version "6.31.0"
  resolved "https://registry.yarnpkg.com/@babylonjs/core/-/core-6.31.0.tgz#d94bbfb99bde4957099820e74d431990dc6561c3"
  integrity sha512-yD/eC7coO7A0qdBBRWtOPGreMcQ7IzOLW00gLzKiAdxVkKX0q/2HTIKthkw2t9wtXZFmdqHU8lE15b3c8gwUWQ==

"@babylonjs/gui@6.31.0":
  version "6.31.0"
  resolved "https://registry.yarnpkg.com/@babylonjs/gui/-/gui-6.31.0.tgz#d56ce071fcd0fdd37391d8a11ba937b1828f9f84"
  integrity sha512-lpHbOFo6Xrz6j30ESTpPNFeJn7dARsjaV1UdVTEhsyEo8GW6yQ6TbqwxjwGi0zsttnX2Vswj0EADypz1PUIjlg==

"@babylonjs/inspector@6.31.0":
  version "6.31.0"
  resolved "https://registry.yarnpkg.com/@babylonjs/inspector/-/inspector-6.31.0.tgz#3d6ea4a5b48ca56a51b750293f835af688ed3879"
  integrity sha512-L00YZZYPC1LvouU7g3aDshuNH3MksjJhoxwSTY3EORAhJTWoIQlGUyFdiHqkZFrMBHS4wJ49POFMY1iNjJlPvg==
  dependencies:
    "@fortawesome/fontawesome-svg-core" "^6.1.0"
    "@fortawesome/free-regular-svg-icons" "^6.0.0"
    "@fortawesome/free-solid-svg-icons" "^6.0.0"

"@babylonjs/loaders@6.31.0":
  version "6.31.0"
  resolved "https://registry.yarnpkg.com/@babylonjs/loaders/-/loaders-6.31.0.tgz#29f9b907fd44aa411ebca2ff4c9b944b3370f116"
  integrity sha512-7PsU9OFhAIathu4nnAYbe92YHEKMxJkBK9/0zBZBACLI85f94vC/WpC2UHf047HsxCSb9ckuGS03ERbenLVNrw==

"@fortawesome/fontawesome-common-types@6.5.1":
  version "6.5.1"
  resolved "https://registry.yarnpkg.com/@fortawesome/fontawesome-common-types/-/fontawesome-common-types-6.5.1.tgz#fdb1ec4952b689f5f7aa0bffe46180bb35490032"
  integrity sha512-GkWzv+L6d2bI5f/Vk6ikJ9xtl7dfXtoRu3YGE6nq0p/FFqA1ebMOAWg3XgRyb0I6LYyYkiAo+3/KrwuBp8xG7A==

"@fortawesome/fontawesome-svg-core@^6.1.0":
  version "6.5.1"
  resolved "https://registry.yarnpkg.com/@fortawesome/fontawesome-svg-core/-/fontawesome-svg-core-6.5.1.tgz#9d56d46bddad78a7ebb2043a97957039fcebcf0a"
  integrity sha512-MfRCYlQPXoLlpem+egxjfkEuP9UQswTrlCOsknus/NcMoblTH2g0jPrapbcIb04KGA7E2GZxbAccGZfWoYgsrQ==
  dependencies:
    "@fortawesome/fontawesome-common-types" "6.5.1"

"@fortawesome/free-regular-svg-icons@^6.0.0":
  version "6.5.1"
  resolved "https://registry.yarnpkg.com/@fortawesome/free-regular-svg-icons/-/free-regular-svg-icons-6.5.1.tgz#c98a91d2c9137ed54a7aa2362a916f46503e0627"
  integrity sha512-m6ShXn+wvqEU69wSP84coxLbNl7sGVZb+Ca+XZq6k30SzuP3X4TfPqtycgUh9ASwlNh5OfQCd8pDIWxl+O+LlQ==
  dependencies:
    "@fortawesome/fontawesome-common-types" "6.5.1"

"@fortawesome/free-solid-svg-icons@^6.0.0":
  version "6.5.1"
  resolved "https://registry.yarnpkg.com/@fortawesome/free-solid-svg-icons/-/free-solid-svg-icons-6.5.1.tgz#737b8d787debe88b400ab7528f47be333031274a"
  integrity sha512-S1PPfU3mIJa59biTtXJz1oI0+KAXW6bkAb31XKhxdxtuXDiUIFsih4JR1v5BbxY7hVHsD1RKq+jRkVRaf773NQ==
  dependencies:
    "@fortawesome/fontawesome-common-types" "6.5.1"

"@react-spring/animated@~9.7.3":
  version "9.7.3"
  resolved "https://registry.yarnpkg.com/@react-spring/animated/-/animated-9.7.3.tgz#4211b1a6d48da0ff474a125e93c0f460ff816e0f"
  integrity sha512-5CWeNJt9pNgyvuSzQH+uy2pvTg8Y4/OisoscZIR8/ZNLIOI+CatFBhGZpDGTF/OzdNFsAoGk3wiUYTwoJ0YIvw==
  dependencies:
    "@react-spring/shared" "~9.7.3"
    "@react-spring/types" "~9.7.3"

"@react-spring/core@~9.7.3":
  version "9.7.3"
  resolved "https://registry.yarnpkg.com/@react-spring/core/-/core-9.7.3.tgz#60056bcb397f2c4f371c6c9a5f882db77ae90095"
  integrity sha512-IqFdPVf3ZOC1Cx7+M0cXf4odNLxDC+n7IN3MDcVCTIOSBfqEcBebSv+vlY5AhM0zw05PDbjKrNmBpzv/AqpjnQ==
  dependencies:
    "@react-spring/animated" "~9.7.3"
    "@react-spring/shared" "~9.7.3"
    "@react-spring/types" "~9.7.3"

"@react-spring/konva@~9.7.3":
  version "9.7.3"
  resolved "https://registry.yarnpkg.com/@react-spring/konva/-/konva-9.7.3.tgz#16bd29dd4860a99e960a72987c8bcfc828b22119"
  integrity sha512-R9sY6SiPGYqz1383P5qppg5z57YfChVknOC1UxxaGxpw+WiZa8fZ4zmZobslrw+os3/+HAXZv8O+EvU/nQpf7g==
  dependencies:
    "@react-spring/animated" "~9.7.3"
    "@react-spring/core" "~9.7.3"
    "@react-spring/shared" "~9.7.3"
    "@react-spring/types" "~9.7.3"

"@react-spring/native@~9.7.3":
  version "9.7.3"
  resolved "https://registry.yarnpkg.com/@react-spring/native/-/native-9.7.3.tgz#ee38d7c23482cfb4916c9b3c021de2995a4f553a"
  integrity sha512-4mpxX3FuEBCUT6ae2fjhxcJW6bhr2FBwFf274eXB7n+U30Gdg8Wo2qYwcUnmiAA0S3dvP8vLTazx3+CYWFShnA==
  dependencies:
    "@react-spring/animated" "~9.7.3"
    "@react-spring/core" "~9.7.3"
    "@react-spring/shared" "~9.7.3"
    "@react-spring/types" "~9.7.3"

"@react-spring/shared@~9.7.3":
  version "9.7.3"
  resolved "https://registry.yarnpkg.com/@react-spring/shared/-/shared-9.7.3.tgz#4cf29797847c689912aec4e62e34c99a4d5d9e53"
  integrity sha512-NEopD+9S5xYyQ0pGtioacLhL2luflh6HACSSDUZOwLHoxA5eku1UPuqcJqjwSD6luKjjLfiLOspxo43FUHKKSA==
  dependencies:
    "@react-spring/types" "~9.7.3"

"@react-spring/three@~9.7.3":
  version "9.7.3"
  resolved "https://registry.yarnpkg.com/@react-spring/three/-/three-9.7.3.tgz#4358a0c4640efe2972c4f7d0f7cd4efe927471c1"
  integrity sha512-Q1p512CqUlmMK8UMBF/Rj79qndhOWq4XUTayxMP9S892jiXzWQuj+xC3Xvm59DP/D4JXusXpxxqfgoH+hmOktA==
  dependencies:
    "@react-spring/animated" "~9.7.3"
    "@react-spring/core" "~9.7.3"
    "@react-spring/shared" "~9.7.3"
    "@react-spring/types" "~9.7.3"

"@react-spring/types@~9.7.3":
  version "9.7.3"
  resolved "https://registry.yarnpkg.com/@react-spring/types/-/types-9.7.3.tgz#ea78fd447cbc2612c1f5d55852e3c331e8172a0b"
  integrity sha512-Kpx/fQ/ZFX31OtlqVEFfgaD1ACzul4NksrvIgYfIFq9JpDHFwQkMVZ10tbo0FU/grje4rcL4EIrjekl3kYwgWw==

"@react-spring/web@~9.7.3":
  version "9.7.3"
  resolved "https://registry.yarnpkg.com/@react-spring/web/-/web-9.7.3.tgz#d9f4e17fec259f1d65495a19502ada4f5b57fa3d"
  integrity sha512-BXt6BpS9aJL/QdVqEIX9YoUy8CE6TJrU0mNCqSoxdXlIeNcEBWOfIyE6B14ENNsyQKS3wOWkiJfco0tCr/9tUg==
  dependencies:
    "@react-spring/animated" "~9.7.3"
    "@react-spring/core" "~9.7.3"
    "@react-spring/shared" "~9.7.3"
    "@react-spring/types" "~9.7.3"

"@react-spring/zdog@~9.7.3":
  version "9.7.3"
  resolved "https://registry.yarnpkg.com/@react-spring/zdog/-/zdog-9.7.3.tgz#8ccc7316f6d3460ed244d9e3f60de9b4c4a848ac"
  integrity sha512-L+yK/1PvNi9n8cldiJ309k4LdxcPkeWE0W18l1zrP1IBIyd5NB5EPA8DMsGr9gtNnnIujtEzZk+4JIOjT8u/tw==
  dependencies:
    "@react-spring/animated" "~9.7.3"
    "@react-spring/core" "~9.7.3"
    "@react-spring/shared" "~9.7.3"
    "@react-spring/types" "~9.7.3"

"@types/prop-types@*":
  version "15.7.11"
  resolved "https://registry.yarnpkg.com/@types/prop-types/-/prop-types-15.7.11.tgz#2596fb352ee96a1379c657734d4b913a613ad563"
  integrity sha512-ga8y9v9uyeiLdpKddhxYQkxNDrfvuPrlFb0N1qnZZByvcElJaXthF1UhvCh9TLWJBEHeNtdnbysW7Y6Uq8CVng==

"@types/react@^18.2.25":
  version "18.2.41"
  resolved "https://registry.yarnpkg.com/@types/react/-/react-18.2.41.tgz#9eea044246bdb10510df89ef7f8422a8b6ad8fb9"
  integrity sha512-CwOGr/PiLiNBxEBqpJ7fO3kocP/2SSuC9fpH5K7tusrg4xPSRT/193rzolYwQnTN02We/ATXKnb6GqA5w4fRxw==
  dependencies:
    "@types/prop-types" "*"
    "@types/scheduler" "*"
    csstype "^3.0.2"

"@types/scheduler@*":
  version "0.16.8"
  resolved "https://registry.yarnpkg.com/@types/scheduler/-/scheduler-0.16.8.tgz#ce5ace04cfeabe7ef87c0091e50752e36707deff"
  integrity sha512-WZLiwShhwLRmeV6zH+GkbOFT6Z6VklCItrDioxUnv+u4Ll+8vKeFySoFyK/0ctcRpOmwAicELfmys1sDc/Rw+A==

char-regex@^1.0.2:
  version "1.0.2"
  resolved "https://registry.yarnpkg.com/char-regex/-/char-regex-1.0.2.tgz#d744358226217f981ed58f479b1d6bcc29545dcf"
  integrity sha512-kWWXztvZ5SBQV+eRgKFeh8q5sLuZY2+8WUIzlxWVTg+oGwY14qylx1KbKzHd8P6ZYkAg0xyIDU9JMHhyJMZ1jw==

chootils@^0.3.9:
  version "0.3.9"
  resolved "https://registry.yarnpkg.com/chootils/-/chootils-0.3.9.tgz#379ab6f6a0274597bea6512a5751cdf00f5c6946"
  integrity sha512-uA1YfC9C/5DbWJttYUosSI/g1HWVIOfG/u3mClcJYItevoxxwYdEzDxy8PJIcA5JTZ/iRtsPXNmYIOrycpYljQ==

csstype@^3.0.2:
  version "3.1.2"
  resolved "https://registry.yarnpkg.com/csstype/-/csstype-3.1.2.tgz#1d4bf9d572f11c14031f0436e1c10bc1f571f50b"
  integrity sha512-I7K1Uu0MBPzaFKg4nI5Q7Vs2t+3gWWW648spaF+Rg7pI9ds18Ugn+lvg4SHczUdKlHI5LWBXyqfS8+DufyBsgQ==

delay@^5.0.0:
  version "5.0.0"
  resolved "https://registry.yarnpkg.com/delay/-/delay-5.0.0.tgz#137045ef1b96e5071060dd5be60bf9334436bd1d"
  integrity sha512-ReEBKkIfe4ya47wlPYf/gu5ib6yUG0/Aez0JQZQz94kiWtRQvZIQbTiehsnwHvLSWJnQdhVeqYue7Id1dKr0qw==

fast-deep-equal@^2.0.1:
  version "2.0.1"
  resolved "https://registry.yarnpkg.com/fast-deep-equal/-/fast-deep-equal-2.0.1.tgz#7b05218ddf9667bf7f370bf7fdb2cb15fdd0aa49"
  integrity sha512-bCK/2Z4zLidyB4ReuIsvALH6w31YfAQDmXMqMx6FyfHqvBxtjC0eRumeSu4Bs3XtXwpyIywtSTrVT99BxY1f9w==

"js-tokens@^3.0.0 || ^4.0.0":
  version "4.0.0"
  resolved "https://registry.yarnpkg.com/js-tokens/-/js-tokens-4.0.0.tgz#19203fb59991df98e3a287050d4647cdeaf32499"
  integrity sha512-RdJUflcE3cUzKiMqQgsCu06FPu9UdIJO0beYbPhHN4k6apgJtifcoCtT9bcxOpYBtpD2kCM6Sbzg4CausW/PKQ==

loose-envify@^1.1.0:
  version "1.4.0"
  resolved "https://registry.yarnpkg.com/loose-envify/-/loose-envify-1.4.0.tgz#71ee51fa7be4caec1a63839f7e682d8132d30caf"
  integrity sha512-lyuxPGr/Wfhrlem2CL/UcnUc1zcqKAImBDzukY7Y5F/yQiNdko6+fRLevlw1HgMySw7f611UIY408EtxRSoK3Q==
  dependencies:
    js-tokens "^3.0.0 || ^4.0.0"

react-babylonjs@^3.1.26:
  version "3.1.26"
  resolved "https://registry.yarnpkg.com/react-babylonjs/-/react-babylonjs-3.1.26.tgz#22f58dcaa41f94e202d6ee51497316236c8db7ec"
  integrity sha512-U8lo3hPO61fMmu0qv/fM4VE4ZW+M3LHphWNlHbB/Y9E5XxwFQ1pnEkTHPxwcJUh/NxzLQ66d/7h9h5ElO8XXQg==
  dependencies:
    react-reconciler "^0.27.0"

react-dom@^18.2.0:
  version "18.2.0"
  resolved "https://registry.yarnpkg.com/react-dom/-/react-dom-18.2.0.tgz#22aaf38708db2674ed9ada224ca4aa708d821e3d"
  integrity sha512-6IMTriUmvsjHUjNtEDudZfuDQUoWXVxKHhlEGSk81n4YFS+r/Kl99wXiwlVXtPBtJenozv2P+hxDsw9eA7Xo6g==
  dependencies:
    loose-envify "^1.1.0"
    scheduler "^0.23.0"

react-promise-suspense@^0.3.3:
  version "0.3.4"
  resolved "https://registry.yarnpkg.com/react-promise-suspense/-/react-promise-suspense-0.3.4.tgz#05d19a75703d71374674840056cfef2fcd38809d"
  integrity sha512-I42jl7L3Ze6kZaq+7zXWSunBa3b1on5yfvUW6Eo/3fFOj6dZ5Bqmcd264nJbTK/gn1HjjILAjSwnZbV4RpSaNQ==
  dependencies:
    fast-deep-equal "^2.0.1"

react-reconciler@^0.27.0:
  version "0.27.0"
  resolved "https://registry.yarnpkg.com/react-reconciler/-/react-reconciler-0.27.0.tgz#360124fdf2d76447c7491ee5f0e04503ed9acf5b"
  integrity sha512-HmMDKciQjYmBRGuuhIaKA1ba/7a+UsM5FzOZsMO2JYHt9Jh8reCb7j1eDC95NOyUlKM9KRyvdx0flBuDvYSBoA==
  dependencies:
    loose-envify "^1.1.0"
    scheduler "^0.21.0"

react-spring@^9.4.4:
  version "9.7.3"
  resolved "https://registry.yarnpkg.com/react-spring/-/react-spring-9.7.3.tgz#3211dea4c4d7c5b541260af5100261b87becb5d5"
  integrity sha512-oTxDpFV5gzq7jQX6+bU0SVq+vX8VnuuT5c8Zwn6CpDErOPvCmV+DRkPiEBtaL3Ozgzwiy5yFx83N0h303j/r3A==
  dependencies:
    "@react-spring/core" "~9.7.3"
    "@react-spring/konva" "~9.7.3"
    "@react-spring/native" "~9.7.3"
    "@react-spring/three" "~9.7.3"
    "@react-spring/web" "~9.7.3"
    "@react-spring/zdog" "~9.7.3"

react@^18.2.0:
  version "18.2.0"
  resolved "https://registry.yarnpkg.com/react/-/react-18.2.0.tgz#555bd98592883255fa00de14f1151a917b5d77d5"
  integrity sha512-/3IjMdb2L9QbBdWiW5e3P2/npwMBaU9mHCSCUzNln0ZCYbcfTsGbTJrU/kGemdH2IWmB2ioZ+zkxtmq6g09fGQ==
  dependencies:
    loose-envify "^1.1.0"

repond-movers@^0.10.3:
  version "0.10.3"
  resolved "https://registry.yarnpkg.com/repond-movers/-/repond-movers-0.10.3.tgz#638d78a050ef79275e6485f139067395213a0187"
  integrity sha512-/HSVXQ1m5wtMgXclyc1F/9GS2yIDLCp2k7M7N7EJcBvGDOC79LO0nQbDzgBYnBXkvbW0+HrzQygtQyHnb7hoYA==

repond@^0.10.2:
  version "0.10.2"
  resolved "https://registry.yarnpkg.com/repond/-/repond-0.10.2.tgz#f1269229d6773b17a6f6fbc502b43ebfe88f8bd3"
  integrity sha512-bRrKIab6z3LUM18gLZ+5wODdQUyyexWEQOXs0+hk1FinAah/LWZj+CXHXA/O4elyYOPw71Ssak8QdZhdi+3Xiw==

scheduler@^0.21.0:
  version "0.21.0"
  resolved "https://registry.yarnpkg.com/scheduler/-/scheduler-0.21.0.tgz#6fd2532ff5a6d877b6edb12f00d8ab7e8f308820"
  integrity sha512-1r87x5fz9MXqswA2ERLo0EbOAU74DpIUO090gIasYTqlVoJeMcl+Z1Rg7WHz+qtPujhS/hGIt9kxZOYBV3faRQ==
  dependencies:
    loose-envify "^1.1.0"

scheduler@^0.23.0:
  version "0.23.0"
  resolved "https://registry.yarnpkg.com/scheduler/-/scheduler-0.23.0.tgz#ba8041afc3d30eb206a487b6b384002e4e61fdfe"
  integrity sha512-CtuThmgHNg7zIZWAXi3AsyIzA3n4xx7aNyjwC2VJldO2LMVDhFK+63xGqq6CsJH4rTAt6/M+N4GhZiDYPx9eUw==
  dependencies:
    loose-envify "^1.1.0"

stringz@^2.1.0:
  version "2.1.0"
  resolved "https://registry.yarnpkg.com/stringz/-/stringz-2.1.0.tgz#5896b4713eac31157556040fb90258fb02c1630c"
  integrity sha512-KlywLT+MZ+v0IRepfMxRtnSvDCMc3nR1qqCs3m/qIbSOWkNZYT8XHQA31rS3TnKp0c5xjZu3M4GY/2aRKSi/6A==
  dependencies:
    char-regex "^1.0.2"

typescript@^5.1.6:
  version "5.3.2"
  resolved "https://registry.yarnpkg.com/typescript/-/typescript-5.3.2.tgz#00d1c7c1c46928c5845c1ee8d0cc2791031d4c43"
  integrity sha512-6l+RyNy7oAHDfxC4FzSJcz9vnjTKxrLpDG5M2Vu4SHRVNg6xzqZp6LYSR9zjqQTu8DU/f5xwxUdADOkbrIX2gQ==
