# THIS IS AN AUTOGENERATED FILE. DO NOT EDIT THIS FILE DIRECTLY.
# yarn lockfile v1


"@babylonjs/core@5.44.0":
  version "5.44.0"
  resolved "https://registry.yarnpkg.com/@babylonjs/core/-/core-5.44.0.tgz#92de05b7da7979efe6943a0fdc96aa90c1303ad6"
  integrity sha512-ph41bRLY3rBRxM3MELyuFSUY+wh9EM887pfy+e9w9JiCJQsRMU8feBngliAjuPOyz3OUNgIcqZR9EJTO4pxGNg==

"@babylonjs/gui@5.44.0":
  version "5.44.0"
  resolved "https://registry.yarnpkg.com/@babylonjs/gui/-/gui-5.44.0.tgz#d84c160980520a439ebcace62373ba87efe7331d"
  integrity sha512-9mNrHwSebCZ3qVBh4nWuc8lW6pQ9zimwWQqSkyPO80Vxks+lWDaza83VLQgBxfF4Zvtvukp/1wIWQT+F9wpznQ==

"@babylonjs/inspector@5.44.0":
  version "5.44.0"
  resolved "https://registry.yarnpkg.com/@babylonjs/inspector/-/inspector-5.44.0.tgz#46d4b780c2e2724e66df86460409ba8d8303c885"
  integrity sha512-9ItsQTIZRSRYfnFNYYYyK/t64EHkvFOxD4FQTO0d7Y6tIf3lX0V60K1VwF8N1iYNTGsfgx7uJcyl6Bb5E9nT7w==
  dependencies:
    "@fortawesome/fontawesome-svg-core" "^6.1.0"
    "@fortawesome/free-regular-svg-icons" "^6.0.0"
    "@fortawesome/free-solid-svg-icons" "^6.0.0"

"@babylonjs/loaders@5.44.0":
  version "5.44.0"
  resolved "https://registry.yarnpkg.com/@babylonjs/loaders/-/loaders-5.44.0.tgz#265197d43db4f4b644ffc0baf2a58e11351ec5b2"
  integrity sha512-fq17xA0iaqO1a+B+DttCFnADuEFoHDemlMHnnOA+7eVP/rQePy9HApEW1eBYc/4aOKyb0anStJn9B6+HuSsW6Q==

"@fortawesome/fontawesome-common-types@6.2.1":
  version "6.2.1"
  resolved "https://registry.yarnpkg.com/@fortawesome/fontawesome-common-types/-/fontawesome-common-types-6.2.1.tgz#411e02a820744d3f7e0d8d9df9d82b471beaa073"
  integrity sha512-Sz07mnQrTekFWLz5BMjOzHl/+NooTdW8F8kDQxjWwbpOJcnoSg4vUDng8d/WR1wOxM0O+CY9Zw0nR054riNYtQ==

"@fortawesome/fontawesome-svg-core@^6.1.0":
  version "6.2.1"
  resolved "https://registry.yarnpkg.com/@fortawesome/fontawesome-svg-core/-/fontawesome-svg-core-6.2.1.tgz#e87e905e444b5e7b715af09b64d27b53d4c8f9d9"
  integrity sha512-HELwwbCz6C1XEcjzyT1Jugmz2NNklMrSPjZOWMlc+ZsHIVk+XOvOXLGGQtFBwSyqfJDNgRq4xBCwWOaZ/d9DEA==
  dependencies:
    "@fortawesome/fontawesome-common-types" "6.2.1"

"@fortawesome/free-regular-svg-icons@^6.0.0":
  version "6.2.1"
  resolved "https://registry.yarnpkg.com/@fortawesome/free-regular-svg-icons/-/free-regular-svg-icons-6.2.1.tgz#650e56d937755a8341f2eef258ecb6f95458820f"
  integrity sha512-wiqcNDNom75x+pe88FclpKz7aOSqS2lOivZeicMV5KRwOAeypxEYWAK/0v+7r+LrEY30+qzh8r2XDaEHvoLsMA==
  dependencies:
    "@fortawesome/fontawesome-common-types" "6.2.1"

"@fortawesome/free-solid-svg-icons@^6.0.0":
  version "6.2.1"
  resolved "https://registry.yarnpkg.com/@fortawesome/free-solid-svg-icons/-/free-solid-svg-icons-6.2.1.tgz#2290ea5adcf1537cbd0c43de6feb38af02141d27"
  integrity sha512-oKuqrP5jbfEPJWTij4sM+/RvgX+RMFwx3QZCZcK9PrBDgxC35zuc7AOFsyMjMd/PIFPeB2JxyqDr5zs/DZFPPw==
  dependencies:
    "@fortawesome/fontawesome-common-types" "6.2.1"

"@react-spring/animated@~9.6.1":
  version "9.6.1"
  resolved "https://registry.yarnpkg.com/@react-spring/animated/-/animated-9.6.1.tgz#ccc626d847cbe346f5f8815d0928183c647eb425"
  integrity sha512-ls/rJBrAqiAYozjLo5EPPLLOb1LM0lNVQcXODTC1SMtS6DbuBCPaKco5svFUQFMP2dso3O+qcC4k9FsKc0KxMQ==
  dependencies:
    "@react-spring/shared" "~9.6.1"
    "@react-spring/types" "~9.6.1"

"@react-spring/core@~9.6.1":
  version "9.6.1"
  resolved "https://registry.yarnpkg.com/@react-spring/core/-/core-9.6.1.tgz#ebe07c20682b360b06af116ea24e2b609e778c10"
  integrity sha512-3HAAinAyCPessyQNNXe5W0OHzRfa8Yo5P748paPcmMowZ/4sMfaZ2ZB6e5x5khQI8NusOHj8nquoutd6FRY5WQ==
  dependencies:
    "@react-spring/animated" "~9.6.1"
    "@react-spring/rafz" "~9.6.1"
    "@react-spring/shared" "~9.6.1"
    "@react-spring/types" "~9.6.1"

"@react-spring/konva@~9.6.1":
  version "9.6.1"
  resolved "https://registry.yarnpkg.com/@react-spring/konva/-/konva-9.6.1.tgz#66e63da0e9681e42395e995402a7e73ba6892461"
  integrity sha512-MevnU+tnG1LPsmMRpfJfevfLtI0ObIvrwYc+Xg+kmYJe00vwMRSdulQOztKANKalFXBewwk72XrQCeRLXFaUIg==
  dependencies:
    "@react-spring/animated" "~9.6.1"
    "@react-spring/core" "~9.6.1"
    "@react-spring/shared" "~9.6.1"
    "@react-spring/types" "~9.6.1"

"@react-spring/native@~9.6.1":
  version "9.6.1"
  resolved "https://registry.yarnpkg.com/@react-spring/native/-/native-9.6.1.tgz#b66e237f2faaa4f88569d5a03b6fb0136bcdf2b9"
  integrity sha512-ZIfSytxFGLw4gYOb8gsmwG0+JZYxuM/Y1XPCXCkhuoMn+RmOYrr0kQ4gLczbmf+TRxth7OT1c8vBYz0+SCGcIQ==
  dependencies:
    "@react-spring/animated" "~9.6.1"
    "@react-spring/core" "~9.6.1"
    "@react-spring/shared" "~9.6.1"
    "@react-spring/types" "~9.6.1"

"@react-spring/rafz@~9.6.1":
  version "9.6.1"
  resolved "https://registry.yarnpkg.com/@react-spring/rafz/-/rafz-9.6.1.tgz#d71aafb92b78b24e4ff84639f52745afc285c38d"
  integrity sha512-v6qbgNRpztJFFfSE3e2W1Uz+g8KnIBs6SmzCzcVVF61GdGfGOuBrbjIcp+nUz301awVmREKi4eMQb2Ab2gGgyQ==

"@react-spring/shared@~9.6.1":
  version "9.6.1"
  resolved "https://registry.yarnpkg.com/@react-spring/shared/-/shared-9.6.1.tgz#4e2e4296910656c02bd9fd54c559702bc836ac4e"
  integrity sha512-PBFBXabxFEuF8enNLkVqMC9h5uLRBo6GQhRMQT/nRTnemVENimgRd+0ZT4yFnAQ0AxWNiJfX3qux+bW2LbG6Bw==
  dependencies:
    "@react-spring/rafz" "~9.6.1"
    "@react-spring/types" "~9.6.1"

"@react-spring/three@~9.6.1":
  version "9.6.1"
  resolved "https://registry.yarnpkg.com/@react-spring/three/-/three-9.6.1.tgz#095fcd1dc6509127c33c14486d88289b89baeb9d"
  integrity sha512-Tyw2YhZPKJAX3t2FcqvpLRb71CyTe1GvT3V+i+xJzfALgpk10uPGdGaQQ5Xrzmok1340DAeg2pR/MCfaW7b8AA==
  dependencies:
    "@react-spring/animated" "~9.6.1"
    "@react-spring/core" "~9.6.1"
    "@react-spring/shared" "~9.6.1"
    "@react-spring/types" "~9.6.1"

"@react-spring/types@~9.6.1":
  version "9.6.1"
  resolved "https://registry.yarnpkg.com/@react-spring/types/-/types-9.6.1.tgz#913d3a68c5cbc1124fdb18eff919432f7b6abdde"
  integrity sha512-POu8Mk0hIU3lRXB3bGIGe4VHIwwDsQyoD1F394OK7STTiX9w4dG3cTLljjYswkQN+hDSHRrj4O36kuVa7KPU8Q==

"@react-spring/web@~9.6.1":
  version "9.6.1"
  resolved "https://registry.yarnpkg.com/@react-spring/web/-/web-9.6.1.tgz#3e4c03b724d2b545dc2fa2649eb6109318ab9178"
  integrity sha512-X2zR6q2Z+FjsWfGAmAXlQaoUHbPmfuCaXpuM6TcwXPpLE1ZD4A1eys/wpXboFQmDkjnrlTmKvpVna1MjWpZ5Hw==
  dependencies:
    "@react-spring/animated" "~9.6.1"
    "@react-spring/core" "~9.6.1"
    "@react-spring/shared" "~9.6.1"
    "@react-spring/types" "~9.6.1"

"@react-spring/zdog@~9.6.1":
  version "9.6.1"
  resolved "https://registry.yarnpkg.com/@react-spring/zdog/-/zdog-9.6.1.tgz#5292c374e23e3846db3eb9d7557ed5a7bb40dada"
  integrity sha512-0jSGm2OFW/+/+4dkRp46KzEkcLVfzV2k6DO1om0dLDtQ4q6FpX4dmDTlRc7Apzin6VtfQONMFIGITtbqoS28MQ==
  dependencies:
    "@react-spring/animated" "~9.6.1"
    "@react-spring/core" "~9.6.1"
    "@react-spring/shared" "~9.6.1"
    "@react-spring/types" "~9.6.1"

"@types/prop-types@*":
  version "15.7.5"
  resolved "https://registry.yarnpkg.com/@types/prop-types/-/prop-types-15.7.5.tgz#5f19d2b85a98e9558036f6a3cacc8819420f05cf"
  integrity sha512-JCB8C6SnDoQf0cNycqd/35A7MjcnK+ZTqE7judS6o7utxUCg6imJg3QK2qzHKszlTjcj2cn+NwMB2i96ubpj7w==

"@types/react@^18.0.15":
  version "18.0.27"
  resolved "https://registry.yarnpkg.com/@types/react/-/react-18.0.27.tgz#d9425abe187a00f8a5ec182b010d4fd9da703b71"
  integrity sha512-3vtRKHgVxu3Jp9t718R9BuzoD4NcQ8YJ5XRzsSKxNDiDonD2MXIT1TmSkenxuCycZJoQT5d2vE8LwWJxBC1gmA==
  dependencies:
    "@types/prop-types" "*"
    "@types/scheduler" "*"
    csstype "^3.0.2"

"@types/scheduler@*":
  version "0.16.2"
  resolved "https://registry.yarnpkg.com/@types/scheduler/-/scheduler-0.16.2.tgz#1a62f89525723dde24ba1b01b092bf5df8ad4d39"
  integrity sha512-hppQEBDmlwhFAXKJX2KnWLYu5yMfi91yazPb2l+lbJiwW+wdo1gNeRA+3RgNSO39WYX2euey41KEwnqesU2Jew==

char-regex@^1.0.2:
  version "1.0.2"
  resolved "https://registry.yarnpkg.com/char-regex/-/char-regex-1.0.2.tgz#d744358226217f981ed58f479b1d6bcc29545dcf"
  integrity sha512-kWWXztvZ5SBQV+eRgKFeh8q5sLuZY2+8WUIzlxWVTg+oGwY14qylx1KbKzHd8P6ZYkAg0xyIDU9JMHhyJMZ1jw==

chootils@^0.3.8:
  version "0.3.8"
  resolved "https://registry.yarnpkg.com/chootils/-/chootils-0.3.8.tgz#3fb6ebd31bb9393214a6f5c904aa6520477d4065"
  integrity sha512-fX4VHFzkys05JI7J/+KmVkFqoU7U53ch2kUCJQRjxlEmzK89O4BASuo3FDuOZ6ZIshz5vCaWfAuMFpGjEMdOtA==

csstype@^3.0.2:
  version "3.1.1"
  resolved "https://registry.yarnpkg.com/csstype/-/csstype-3.1.1.tgz#841b532c45c758ee546a11d5bd7b7b473c8c30b9"
  integrity sha512-DJR/VvkAvSZW9bTouZue2sSxDwdTN92uHjqeKVm+0dAqdfNykRzQ95tay8aXMBAAPpUiq4Qcug2L7neoRh2Egw==

delay@^5.0.0:
  version "5.0.0"
  resolved "https://registry.yarnpkg.com/delay/-/delay-5.0.0.tgz#137045ef1b96e5071060dd5be60bf9334436bd1d"
  integrity sha512-ReEBKkIfe4ya47wlPYf/gu5ib6yUG0/Aez0JQZQz94kiWtRQvZIQbTiehsnwHvLSWJnQdhVeqYue7Id1dKr0qw==

fast-deep-equal@^2.0.1:
  version "2.0.1"
  resolved "https://registry.yarnpkg.com/fast-deep-equal/-/fast-deep-equal-2.0.1.tgz#7b05218ddf9667bf7f370bf7fdb2cb15fdd0aa49"
  integrity sha512-bCK/2Z4zLidyB4ReuIsvALH6w31YfAQDmXMqMx6FyfHqvBxtjC0eRumeSu4Bs3XtXwpyIywtSTrVT99BxY1f9w==

"js-tokens@^3.0.0 || ^4.0.0":
  version "4.0.0"
  resolved "https://registry.yarnpkg.com/js-tokens/-/js-tokens-4.0.0.tgz#19203fb59991df98e3a287050d4647cdeaf32499"
  integrity sha512-RdJUflcE3cUzKiMqQgsCu06FPu9UdIJO0beYbPhHN4k6apgJtifcoCtT9bcxOpYBtpD2kCM6Sbzg4CausW/PKQ==

loose-envify@^1.1.0:
  version "1.4.0"
  resolved "https://registry.yarnpkg.com/loose-envify/-/loose-envify-1.4.0.tgz#71ee51fa7be4caec1a63839f7e682d8132d30caf"
  integrity sha512-lyuxPGr/Wfhrlem2CL/UcnUc1zcqKAImBDzukY7Y5F/yQiNdko6+fRLevlw1HgMySw7f611UIY408EtxRSoK3Q==
  dependencies:
    js-tokens "^3.0.0 || ^4.0.0"

pietem-movers@^0.5.7:
  version "0.5.7"
  resolved "https://registry.yarnpkg.com/pietem-movers/-/pietem-movers-0.5.7.tgz#05d374cb1369e8aac565aed2f7415d1de0312e90"
  integrity sha512-JB8lHZwpHOJxRnrEBh5f2nQTa5boK58wIskQIV+ySeqmbDU+L3xeFMVxsWEAVQXpgIuzxfH8SkrAuwvkyUdjRQ==

pietem@^0.8.5:
  version "0.8.5"
  resolved "https://registry.yarnpkg.com/pietem/-/pietem-0.8.5.tgz#9cf18202081914cc4aa907e9533ff4b81ce2be7a"
  integrity sha512-kNoPlZzCQzpSPiu0O6pQ9SB5CoCG3YhVKUnTKEWjhHSkUq4egCSMCabwzbtnoKRozGFJh19uhKTGiwbB6bb13g==

react-babylonjs@^3.1.9:
  version "3.1.15"
  resolved "https://registry.yarnpkg.com/react-babylonjs/-/react-babylonjs-3.1.15.tgz#652460197df11a63fe89c5066d4f50189ec18ffd"
  integrity sha512-Jr2b9D0JTnYcEubCBpVW7y+oQA7+3lTD/oUQWHphsw/k3kd4rRmDr4Itteht0P6050Z3JJelXqqkge+J36q2og==
  dependencies:
    react-reconciler "^0.27.0"

react-dom@^18.2.0:
  version "18.2.0"
  resolved "https://registry.yarnpkg.com/react-dom/-/react-dom-18.2.0.tgz#22aaf38708db2674ed9ada224ca4aa708d821e3d"
  integrity sha512-6IMTriUmvsjHUjNtEDudZfuDQUoWXVxKHhlEGSk81n4YFS+r/Kl99wXiwlVXtPBtJenozv2P+hxDsw9eA7Xo6g==
  dependencies:
    loose-envify "^1.1.0"
    scheduler "^0.23.0"

react-promise-suspense@^0.3.3:
  version "0.3.3"
  resolved "https://registry.yarnpkg.com/react-promise-suspense/-/react-promise-suspense-0.3.3.tgz#b085c7e0ac22b85fd3d605b1c4f181cda4310bc9"
  integrity sha512-OdehKsCEWYoV6pMcwxbvJH99UrbXylmXJ1QpEL9OfHaUBzcAihyfSJV8jFq325M/wW9iKc/BoiLROXxMul+MxA==
  dependencies:
    fast-deep-equal "^2.0.1"

react-reconciler@^0.27.0:
  version "0.27.0"
  resolved "https://registry.yarnpkg.com/react-reconciler/-/react-reconciler-0.27.0.tgz#360124fdf2d76447c7491ee5f0e04503ed9acf5b"
  integrity sha512-HmMDKciQjYmBRGuuhIaKA1ba/7a+UsM5FzOZsMO2JYHt9Jh8reCb7j1eDC95NOyUlKM9KRyvdx0flBuDvYSBoA==
  dependencies:
    loose-envify "^1.1.0"
    scheduler "^0.21.0"

react-spring@^9.4.4:
  version "9.6.1"
  resolved "https://registry.yarnpkg.com/react-spring/-/react-spring-9.6.1.tgz#e715b2fa523c1a3acfdcf1aaa93e081620b8cc8e"
  integrity sha512-BeP80R4SLb1bZHW/Q62nECoScHw/fH+jzGkD7dc892HNGa+lbGIJXURc6U7N8JfZ8peEO46nPxR57aUMuYzquQ==
  dependencies:
    "@react-spring/core" "~9.6.1"
    "@react-spring/konva" "~9.6.1"
    "@react-spring/native" "~9.6.1"
    "@react-spring/three" "~9.6.1"
    "@react-spring/web" "~9.6.1"
    "@react-spring/zdog" "~9.6.1"

react@^18.2.0:
  version "18.2.0"
  resolved "https://registry.yarnpkg.com/react/-/react-18.2.0.tgz#555bd98592883255fa00de14f1151a917b5d77d5"
  integrity sha512-/3IjMdb2L9QbBdWiW5e3P2/npwMBaU9mHCSCUzNln0ZCYbcfTsGbTJrU/kGemdH2IWmB2ioZ+zkxtmq6g09fGQ==
  dependencies:
    loose-envify "^1.1.0"

scheduler@^0.21.0:
  version "0.21.0"
  resolved "https://registry.yarnpkg.com/scheduler/-/scheduler-0.21.0.tgz#6fd2532ff5a6d877b6edb12f00d8ab7e8f308820"
  integrity sha512-1r87x5fz9MXqswA2ERLo0EbOAU74DpIUO090gIasYTqlVoJeMcl+Z1Rg7WHz+qtPujhS/hGIt9kxZOYBV3faRQ==
  dependencies:
    loose-envify "^1.1.0"

scheduler@^0.23.0:
  version "0.23.0"
  resolved "https://registry.yarnpkg.com/scheduler/-/scheduler-0.23.0.tgz#ba8041afc3d30eb206a487b6b384002e4e61fdfe"
  integrity sha512-CtuThmgHNg7zIZWAXi3AsyIzA3n4xx7aNyjwC2VJldO2LMVDhFK+63xGqq6CsJH4rTAt6/M+N4GhZiDYPx9eUw==
  dependencies:
    loose-envify "^1.1.0"

stringz@^2.1.0:
  version "2.1.0"
  resolved "https://registry.yarnpkg.com/stringz/-/stringz-2.1.0.tgz#5896b4713eac31157556040fb90258fb02c1630c"
  integrity sha512-KlywLT+MZ+v0IRepfMxRtnSvDCMc3nR1qqCs3m/qIbSOWkNZYT8XHQA31rS3TnKp0c5xjZu3M4GY/2aRKSi/6A==
  dependencies:
    char-regex "^1.0.2"

typescript@^4.6.3:
  version "4.9.5"
  resolved "https://registry.yarnpkg.com/typescript/-/typescript-4.9.5.tgz#095979f9bcc0d09da324d58d03ce8f8374cbe65a"
  integrity sha512-1FXk9E2Hm+QzZQ7z+McJiHL4NW1F2EzMu9Nq9i3zAaGqibafqYwCVU6WyWAuyQRRzOlxou8xZSyXLEN8oKj24g==
