# THIS IS AN AUTOGENERATED FILE. DO NOT EDIT THIS FILE DIRECTLY.
# yarn lockfile v1


"@babylonjs/core@4.x||>5.0.0-alpha", "@babylonjs/core@5.0.0-alpha.65":
  "integrity" "sha512-L4b5cLVYVqR+TuSMZK5tt79JXIndUq/RtMKgMFgNZbIweoBxY7C9Xf+DaoWrpDpXeb4ReaHLQJeeJczyzJQV6g=="
  "resolved" "https://registry.npmjs.org/@babylonjs/core/-/core-5.0.0-alpha.65.tgz"
  "version" "5.0.0-alpha.65"
  dependencies:
    "tslib" "^2.3.1"

"@babylonjs/core@5.0.0-alpha.12":
  "integrity" "sha512-yRKUuBu9cyEQk8KFnn3NuBzU9qnIQW66V+9NJyELcfxrMWeGHB/bxtczBb0JAuBwZ7VAShS3eEajNz7hDB67WA=="
  "resolved" "https://registry.npmjs.org/@babylonjs/core/-/core-5.0.0-alpha.12.tgz"
  "version" "5.0.0-alpha.12"
  dependencies:
    "tslib" "^2.1.0"

"@babylonjs/gui@4.x||>5.0.0-alpha", "@babylonjs/gui@5.0.0-alpha.12":
  "integrity" "sha512-Wm87v6wS+sbaxCiYQ7rMQGcRaEorLSBWidRNr0t+C7r8CZGD6QCbgApjn6RlK5lihmAMJYzbvfr0cda3ZMP0Ug=="
  "resolved" "https://registry.npmjs.org/@babylonjs/gui/-/gui-5.0.0-alpha.12.tgz"
  "version" "5.0.0-alpha.12"
  dependencies:
    "@babylonjs/core" "5.0.0-alpha.12"
    "tslib" "^2.1.0"

"@babylonjs/gui@5.0.0-alpha.65":
  "integrity" "sha512-eJlTJgV+558Z1kGi7u6rsWe0TUiFw04z4LjZgg161OvWU2LAKM+EpUdjnVnuBwMJniWMXIg1kWNkzDDG8PNtPA=="
  "resolved" "https://registry.npmjs.org/@babylonjs/gui/-/gui-5.0.0-alpha.65.tgz"
  "version" "5.0.0-alpha.65"
  dependencies:
    "@babylonjs/core" "5.0.0-alpha.65"
    "tslib" "^2.3.1"

"@babylonjs/inspector@5.0.0-alpha.65":
  "integrity" "sha512-gVT63PdgvTzlrC2BAqOapbFx7+419BYPGENFVJiTTedBqLJZ0cpQ59BU2C8bvG15otj5TKn6UQO86uQCZSagQg=="
  "resolved" "https://registry.npmjs.org/@babylonjs/inspector/-/inspector-5.0.0-alpha.65.tgz"
  "version" "5.0.0-alpha.65"
  dependencies:
    "@babylonjs/core" "5.0.0-alpha.65"
    "@babylonjs/gui" "5.0.0-alpha.65"
    "@babylonjs/loaders" "5.0.0-alpha.65"
    "@babylonjs/materials" "5.0.0-alpha.65"
    "@babylonjs/serializers" "5.0.0-alpha.65"
    "babylonjs-gltf2interface" "5.0.0-alpha.65"
    "tslib" "^2.3.1"

"@babylonjs/loaders@5.0.0-alpha.65":
  "integrity" "sha512-RMjWdM3WnA5v5Y00VrCTvxUFsQPzBj1Y1vVKds8cyD8UEpwhlYktbqmUZDOhRreJujmo/bACwhmtFaYijW0hvA=="
  "resolved" "https://registry.npmjs.org/@babylonjs/loaders/-/loaders-5.0.0-alpha.65.tgz"
  "version" "5.0.0-alpha.65"
  dependencies:
    "@babylonjs/core" "5.0.0-alpha.65"
    "babylonjs-gltf2interface" "5.0.0-alpha.65"
    "tslib" "^2.3.1"

"@babylonjs/materials@5.0.0-alpha.65":
  "integrity" "sha512-C+RXnzCkFQY1KKSi0ZYntMROyYg/emS35AuEVws73O97dLI0kbcmIjsQMcJXlyqgmyuozyJ/KNB/hik2DEiQyQ=="
  "resolved" "https://registry.npmjs.org/@babylonjs/materials/-/materials-5.0.0-alpha.65.tgz"
  "version" "5.0.0-alpha.65"
  dependencies:
    "@babylonjs/core" "5.0.0-alpha.65"
    "tslib" "^2.3.1"

"@babylonjs/serializers@5.0.0-alpha.65":
  "integrity" "sha512-y0cWzlkJSUkB4Xu3ZLFmFt+nAqAPzXvEoJOqnTXnWo2rdDCYeOkpdVyt2vMbEc2TcMDRh1S/h/hVWjryjp4LBA=="
  "resolved" "https://registry.npmjs.org/@babylonjs/serializers/-/serializers-5.0.0-alpha.65.tgz"
  "version" "5.0.0-alpha.65"
  dependencies:
    "@babylonjs/core" "5.0.0-alpha.65"
    "babylonjs-gltf2interface" "5.0.0-alpha.65"
    "tslib" "^2.3.1"

"@react-spring/animated@~9.3.0":
  "integrity" "sha512-QvuyW77eDvLhdJyO6FFldlWlvnuKK2cpOx4+Zr962RyT/0IO1tbNDRO6G1vM8va6mbv6tmfYmRGKmKYePN3kVg=="
  "resolved" "https://registry.npmjs.org/@react-spring/animated/-/animated-9.3.0.tgz"
  "version" "9.3.0"
  dependencies:
    "@react-spring/shared" "~9.3.0"
    "@react-spring/types" "~9.3.0"

"@react-spring/core@~9.3.0":
  "integrity" "sha512-SZQOIX7wkIagmucAi7zxqGGIb9A60o9n5922UrWo8Kl3FdG7FgrNwqr0kOI43/pMFeL70/PXwFhBatB03N5ctw=="
  "resolved" "https://registry.npmjs.org/@react-spring/core/-/core-9.3.0.tgz"
  "version" "9.3.0"
  dependencies:
    "@react-spring/animated" "~9.3.0"
    "@react-spring/shared" "~9.3.0"
    "@react-spring/types" "~9.3.0"

"@react-spring/konva@~9.3.0":
  "integrity" "sha512-lyUWxzEateE6Qxpc81oxJb5yiNDdj36Q9R9euJAgjl2dvUDaX85rVGqaB25+72yA1iQg5I4Kymj3UZVvPthRlA=="
  "resolved" "https://registry.npmjs.org/@react-spring/konva/-/konva-9.3.0.tgz"
  "version" "9.3.0"
  dependencies:
    "@react-spring/animated" "~9.3.0"
    "@react-spring/core" "~9.3.0"
    "@react-spring/shared" "~9.3.0"
    "@react-spring/types" "~9.3.0"

"@react-spring/native@~9.3.0":
  "integrity" "sha512-lvKV5qxqnE5AMtTHv8xwAocGED4+VRxpljwBl1lbtileq3WnvOn7CpMLZNGc5TXjLWAE3zfoNJui69/jE/3uSw=="
  "resolved" "https://registry.npmjs.org/@react-spring/native/-/native-9.3.0.tgz"
  "version" "9.3.0"
  dependencies:
    "@react-spring/animated" "~9.3.0"
    "@react-spring/core" "~9.3.0"
    "@react-spring/shared" "~9.3.0"
    "@react-spring/types" "~9.3.0"

"@react-spring/rafz@~9.3.0":
  "integrity" "sha512-FD04d2TNb3xOZ6+04qwDmC3d0H4X6gvhsxU71/nSm4PPYRqFzZEolcVPmrHlbGzco3bvXKI+Kp2pIrpXLPUJFA=="
  "resolved" "https://registry.npmjs.org/@react-spring/rafz/-/rafz-9.3.0.tgz"
  "version" "9.3.0"

"@react-spring/shared@~9.3.0":
  "integrity" "sha512-7ZFY2Blu/wxbLGcYvQavyLUVi9bK/is1bsn11qZ9AaZb4iucRyIf2jgjBfKZFCq4qgi7S/7QmDQG7sucUyLELg=="
  "resolved" "https://registry.npmjs.org/@react-spring/shared/-/shared-9.3.0.tgz"
  "version" "9.3.0"
  dependencies:
    "@react-spring/rafz" "~9.3.0"
    "@react-spring/types" "~9.3.0"

"@react-spring/three@~9.3.0":
  "integrity" "sha512-RKMXXdcNK0nbwLbmle/0KT/idGGpOxvI5lT1KtN8R3cgJWQBKYWVtzg+B/RgmQVNxO/QNlsKGWTjURockTRSVQ=="
  "resolved" "https://registry.npmjs.org/@react-spring/three/-/three-9.3.0.tgz"
  "version" "9.3.0"
  dependencies:
    "@react-spring/animated" "~9.3.0"
    "@react-spring/core" "~9.3.0"
    "@react-spring/shared" "~9.3.0"
    "@react-spring/types" "~9.3.0"

"@react-spring/types@~9.3.0":
  "integrity" "sha512-q4cDr2RSPblXMD3Rxvk6qcC7nmhhfV2izEBP06hb8ZCXznA6qJirG3RMpi29kBtEQiw1lWR59hAXKhauaPtbOA=="
  "resolved" "https://registry.npmjs.org/@react-spring/types/-/types-9.3.0.tgz"
  "version" "9.3.0"

"@react-spring/web@~9.3.0":
  "integrity" "sha512-OTAGKRdyz6fLRR1tABFyw9KMpytyATIndQrj0O6RG47GfjiInpf4+WZKxo763vpS7z1OlnkI81WLUm/sqOqAnA=="
  "resolved" "https://registry.npmjs.org/@react-spring/web/-/web-9.3.0.tgz"
  "version" "9.3.0"
  dependencies:
    "@react-spring/animated" "~9.3.0"
    "@react-spring/core" "~9.3.0"
    "@react-spring/shared" "~9.3.0"
    "@react-spring/types" "~9.3.0"

"@react-spring/zdog@~9.3.0":
  "integrity" "sha512-JOQwtg/MQ6sWwmKNY4w/R1TVXohIUkrbSgDfgUEK45ERTDwZGZzIo9QbqHv4dwEBK4Wa2Hfrcdf8cnEaNNzdAQ=="
  "resolved" "https://registry.npmjs.org/@react-spring/zdog/-/zdog-9.3.0.tgz"
  "version" "9.3.0"
  dependencies:
    "@react-spring/animated" "~9.3.0"
    "@react-spring/core" "~9.3.0"
    "@react-spring/shared" "~9.3.0"
    "@react-spring/types" "~9.3.0"

"@types/prop-types@*":
  "integrity" "sha512-rZ5drC/jWjrArrS8BR6SIr4cWpW09RNTYt9AMZo3Jwwif+iacXAqgVjm0B0Bv/S1jhDXKHqRVNCbACkJ89RAnQ=="
  "resolved" "https://registry.npmjs.org/@types/prop-types/-/prop-types-15.7.4.tgz"
  "version" "15.7.4"

"@types/react-dom@>=16.0.9":
  "integrity" "sha512-f96K3k+24RaLGVu/Y2Ng3e1EbZ8/cVJvypZWd7cy0ofCBaf2lcM46xNhycMZ2xGwbBjRql7hOlZ+e2WlJ5MH3Q=="
  "resolved" "https://registry.npmjs.org/@types/react-dom/-/react-dom-17.0.11.tgz"
  "version" "17.0.11"
  dependencies:
    "@types/react" "*"

"@types/react@*", "@types/react@^17.0.29", "@types/react@>=16.7.3":
  "integrity" "sha512-HSenIfBEBZ70BLrrVhtEtHpqaP79waauPtA8XKlczTxL3hXrW/ElGNLTpD1TmqkykgGlOAK55+D3SmUHEirpFw=="
  "resolved" "https://registry.npmjs.org/@types/react/-/react-17.0.29.tgz"
  "version" "17.0.29"
  dependencies:
    "@types/prop-types" "*"
    "@types/scheduler" "*"
    "csstype" "^3.0.2"

"@types/scheduler@*":
  "integrity" "sha512-hppQEBDmlwhFAXKJX2KnWLYu5yMfi91yazPb2l+lbJiwW+wdo1gNeRA+3RgNSO39WYX2euey41KEwnqesU2Jew=="
  "resolved" "https://registry.npmjs.org/@types/scheduler/-/scheduler-0.16.2.tgz"
  "version" "0.16.2"

"babylonjs-gltf2interface@5.0.0-alpha.65":
  "integrity" "sha512-0GI2UUzBrHTGlIhE2vovsD/VVr/ao/KbLMgeefBQiwFsQ0fNTExEe0BuFTvmg91QQeTXKmEWALjVtJrSvNy/lg=="
  "resolved" "https://registry.npmjs.org/babylonjs-gltf2interface/-/babylonjs-gltf2interface-5.0.0-alpha.65.tgz"
  "version" "5.0.0-alpha.65"

"char-regex@^1.0.2":
  "integrity" "sha512-kWWXztvZ5SBQV+eRgKFeh8q5sLuZY2+8WUIzlxWVTg+oGwY14qylx1KbKzHd8P6ZYkAg0xyIDU9JMHhyJMZ1jw=="
  "resolved" "https://registry.npmjs.org/char-regex/-/char-regex-1.0.2.tgz"
  "version" "1.0.2"

"chootils@^0.3.3":
  "integrity" "sha512-9Y8KW3XYCsLDMfKoNwVeQmqDu2wOBGK8U+mvFQaQFbSp5vLk4Rwe3uZkqNLjvwln0llqxVF2oaevsTArKyOJVQ=="
  "resolved" "https://registry.npmjs.org/chootils/-/chootils-0.3.3.tgz"
  "version" "0.3.3"

"csstype@^3.0.2":
  "integrity" "sha512-rpw6JPxK6Rfg1zLOYCSwle2GFOOsnjmDYDaBwEcwoOg4qlsIVCN789VkBZDJAGi4T07gI4YSutR43t9Zz4Lzuw=="
  "resolved" "https://registry.npmjs.org/csstype/-/csstype-3.0.9.tgz"
  "version" "3.0.9"

"delay@^5.0.0":
  "integrity" "sha512-ReEBKkIfe4ya47wlPYf/gu5ib6yUG0/Aez0JQZQz94kiWtRQvZIQbTiehsnwHvLSWJnQdhVeqYue7Id1dKr0qw=="
  "resolved" "https://registry.npmjs.org/delay/-/delay-5.0.0.tgz"
  "version" "5.0.0"

"fast-deep-equal@^2.0.1":
  "integrity" "sha1-ewUhjd+WZ79/Nwv3/bLLFf3Qqkk="
  "resolved" "https://registry.npmjs.org/fast-deep-equal/-/fast-deep-equal-2.0.1.tgz"
  "version" "2.0.1"

"js-tokens@^3.0.0 || ^4.0.0":
  "integrity" "sha512-RdJUflcE3cUzKiMqQgsCu06FPu9UdIJO0beYbPhHN4k6apgJtifcoCtT9bcxOpYBtpD2kCM6Sbzg4CausW/PKQ=="
  "resolved" "https://registry.npmjs.org/js-tokens/-/js-tokens-4.0.0.tgz"
  "version" "4.0.0"

"loose-envify@^1.1.0":
  "integrity" "sha512-lyuxPGr/Wfhrlem2CL/UcnUc1zcqKAImBDzukY7Y5F/yQiNdko6+fRLevlw1HgMySw7f611UIY408EtxRSoK3Q=="
  "resolved" "https://registry.npmjs.org/loose-envify/-/loose-envify-1.4.0.tgz"
  "version" "1.4.0"
  dependencies:
    "js-tokens" "^3.0.0 || ^4.0.0"

"object-assign@^4.1.1":
  "integrity" "sha1-IQmtx5ZYh8/AXLvUQsrIv7s2CGM="
  "resolved" "https://registry.npmjs.org/object-assign/-/object-assign-4.1.1.tgz"
  "version" "4.1.1"

"pietem-movers@^0.5.6":
  "integrity" "sha512-xCRnfZnZ1n26HqoVDJGRvF+Ck+WLoSwJwS+sb7AuvVv96LBMbQBx7x8X+6WoNfLGlfSX+1yHn1/QbDcxlYy36Q=="
  "resolved" "https://registry.npmjs.org/pietem-movers/-/pietem-movers-0.5.6.tgz"
  "version" "0.5.6"

"pietem@^0.8.3":
  "integrity" "sha512-PwcNv+OiUqvPF8Gnwb0LOJ0yV4EV+s1qMghiAP7ouxmVrjgQLjgiInB2fJ5slk9PwvO7PK3tNcsf2iR+8XWpCA=="
  "resolved" "https://registry.npmjs.org/pietem/-/pietem-0.8.3.tgz"
  "version" "0.8.3"

"react-babylonjs@^3.0.22":
  "integrity" "sha512-DIfDK4XiXVlvaWIGJ5AQYBKMbkQA6sgNbqvDSIYNHct9xsAYmShyFx8ZsducAohm7plyxG5kba0ayFs2VAm60w=="
  "resolved" "https://registry.npmjs.org/react-babylonjs/-/react-babylonjs-3.0.25.tgz"
  "version" "3.0.25"
  dependencies:
    "react-reconciler" "^0.26.1"

"react-promise-suspense@^0.3.3":
  "integrity" "sha512-OdehKsCEWYoV6pMcwxbvJH99UrbXylmXJ1QpEL9OfHaUBzcAihyfSJV8jFq325M/wW9iKc/BoiLROXxMul+MxA=="
  "resolved" "https://registry.npmjs.org/react-promise-suspense/-/react-promise-suspense-0.3.3.tgz"
  "version" "0.3.3"
  dependencies:
    "fast-deep-equal" "^2.0.1"

"react-reconciler@^0.26.1":
  "integrity" "sha512-nK6kgY28HwrMNwDnMui3dvm3rCFjZrcGiuwLc5COUipBK5hWHLOxMJhSnSomirqWwjPBJKV1QcbkI0VJr7Gl1Q=="
  "resolved" "https://registry.npmjs.org/react-reconciler/-/react-reconciler-0.26.2.tgz"
  "version" "0.26.2"
  dependencies:
    "loose-envify" "^1.1.0"
    "object-assign" "^4.1.1"
    "scheduler" "^0.20.2"

"react-spring@^9.3.0":
  "integrity" "sha512-zxhMUCM4ha22724q1CshmbzKUfqdUp2HyA4P72+A0xVF/9bgaFuMukI8C8/Rjfdqw6sGg3hZNvmY9Z8n4cqWmg=="
  "resolved" "https://registry.npmjs.org/react-spring/-/react-spring-9.3.0.tgz"
  "version" "9.3.0"
  dependencies:
    "@react-spring/core" "~9.3.0"
    "@react-spring/konva" "~9.3.0"
    "@react-spring/native" "~9.3.0"
    "@react-spring/three" "~9.3.0"
    "@react-spring/web" "~9.3.0"
    "@react-spring/zdog" "~9.3.0"

"react@^16.8.0  || ^17.0.0", "react@^17.0.2", "react@>=16.11", "react@>=17":
  "integrity" "sha512-gnhPt75i/dq/z3/6q/0asP78D0u592D5L1pd7M8P+dck6Fu/jJeL6iVVK23fptSUZj8Vjf++7wXA8UNclGQcbA=="
  "resolved" "https://registry.npmjs.org/react/-/react-17.0.2.tgz"
  "version" "17.0.2"
  dependencies:
    "loose-envify" "^1.1.0"
    "object-assign" "^4.1.1"

"scheduler@^0.20.2":
  "integrity" "sha512-2eWfGgAqqWFGqtdMmcL5zCMK1U8KlXv8SQFGglL3CEtd0aDVDWgeF/YoCmvln55m5zSk3J/20hTaSBeSObsQDQ=="
  "resolved" "https://registry.npmjs.org/scheduler/-/scheduler-0.20.2.tgz"
  "version" "0.20.2"
  dependencies:
    "loose-envify" "^1.1.0"
    "object-assign" "^4.1.1"

"stringz@^2.1.0":
  "integrity" "sha512-KlywLT+MZ+v0IRepfMxRtnSvDCMc3nR1qqCs3m/qIbSOWkNZYT8XHQA31rS3TnKp0c5xjZu3M4GY/2aRKSi/6A=="
  "resolved" "https://registry.npmjs.org/stringz/-/stringz-2.1.0.tgz"
  "version" "2.1.0"
  dependencies:
    "char-regex" "^1.0.2"

"tslib@^2.1.0", "tslib@^2.3.1":
  "integrity" "sha512-77EbyPPpMz+FRFRuAFlWMtmgUWGe9UOG2Z25NqCwiIjRhOf5iKGuzSe5P2w1laq+FkRy4p+PCuVkJSGkzTEKVw=="
  "resolved" "https://registry.npmjs.org/tslib/-/tslib-2.3.1.tgz"
  "version" "2.3.1"

"typescript@^4.4.3":
  "integrity" "sha512-4xfscpisVgqqDfPaJo5vkd+Qd/ItkoagnHpufr+i2QCHBsNYp+G7UAoyFl8aPtx879u38wPV65rZ8qbGZijalA=="
  "resolved" "https://registry.npmjs.org/typescript/-/typescript-4.4.3.tgz"
  "version" "4.4.3"
